# THIS IS AN AUTOGENERATED FILE. DO NOT EDIT THIS FILE DIRECTLY.
# yarn lockfile v1


"@projectstorm/geometry@^6.0.1-beta.5":
  version "6.0.1-beta.5"
  resolved "https://registry.yarnpkg.com/@projectstorm/geometry/-/geometry-6.0.1-beta.5.tgz#3e258c1fef4fd61b4cc23ae242d7678d8fe0c3ae"
  integrity sha512-EIWUC/MRN26MXveUvupqLcWpDa4wkf7MuAsqm8YjiCrmV0XyHauASG8otXfbBBpPPv7C+3ygvk8FWpVhh/Z8bA==

"@projectstorm/react-canvas-core@^6.0.1-beta.5":
  version "6.0.1-beta.5"
  resolved "https://registry.yarnpkg.com/@projectstorm/react-canvas-core/-/react-canvas-core-6.0.1-beta.5.tgz#29def1d3b28fa0ba3b8034c8704cbc722f968c29"
  integrity sha512-NPdSoepUG53Xxh7IFfw3QV2aSNAbCSsdaYV0BhrpXy9PwpsB5uS7rVLpXEa9TLOpfbQiWKxZOsDwsz6RRtZwTQ==
  dependencies:
    "@projectstorm/geometry" "^6.0.1-beta.5"

"@projectstorm/react-diagrams-core@^6.0.1-beta.5":
  version "6.0.1-beta.5"
  resolved "https://registry.yarnpkg.com/@projectstorm/react-diagrams-core/-/react-diagrams-core-6.0.1-beta.5.tgz#2db05842309733865b7f45d75244447d1546b72a"
  integrity sha512-8+2qNAtIyiOLKmfdDLZENVY5mtEeMzQDMCRqQZvJdHATfG8Su/JmBn9Gu2KxjyuT6ks91/I+eSZaiizCRlu6WA==
  dependencies:
    "@projectstorm/geometry" "^6.0.1-beta.5"
    "@projectstorm/react-canvas-core" "^6.0.1-beta.5"

"@projectstorm/react-diagrams-defaults@^6.0.1-beta.5":
  version "6.0.1-beta.5"
  resolved "https://registry.yarnpkg.com/@projectstorm/react-diagrams-defaults/-/react-diagrams-defaults-6.0.1-beta.5.tgz#e690f4b60bcb6dbd0fc1ce3725208a4bc02de58f"
  integrity sha512-PfcM3RVBRPA1r4XcSeEgATH178oh5XkBK9C/A7DMepo7ttQFWZLcNJ3uedX9q/sChjcSIutNEuX1EW5EEY4BnQ==
  dependencies:
    "@projectstorm/react-diagrams-core" "^6.0.1-beta.5"

"@projectstorm/react-diagrams-routing@^6.0.1-beta.5":
  version "6.0.1-beta.5"
  resolved "https://registry.yarnpkg.com/@projectstorm/react-diagrams-routing/-/react-diagrams-routing-6.0.1-beta.5.tgz#899da33765f7f71fe4b776635aa79287340af40b"
  integrity sha512-ldnPke/i1Cx2hZW4kGcBdnDxPOdbKtiCBDT3J22nJ92kgGGhAC8SdyVa5EmtCZNax0ggyiwuQNoUr3GOtaHteg==
  dependencies:
    "@projectstorm/geometry" "^6.0.1-beta.5"
    "@projectstorm/react-diagrams-core" "^6.0.1-beta.5"
    "@projectstorm/react-diagrams-defaults" "^6.0.1-beta.5"

"@projectstorm/react-diagrams@^6.0.1-beta.5":
  version "6.0.1-beta.5"
  resolved "https://registry.yarnpkg.com/@projectstorm/react-diagrams/-/react-diagrams-6.0.1-beta.5.tgz#2dfe15c6ba41765a750228a690137aff38e5ae0d"
  integrity sha512-KmqwSmSFcyJUPtBbnXXol0dzs/ADTmbqnjjiQrMPlIk6T8pePlHnqlKI+Fcv4eKztmY3AyF/1QrE2KKsJfY69g==
  dependencies:
    "@projectstorm/react-diagrams-core" "^6.0.1-beta.5"
    "@projectstorm/react-diagrams-defaults" "^6.0.1-beta.5"
    "@projectstorm/react-diagrams-routing" "^6.0.1-beta.5"
